
Microsoft Visual Studio Solution File, Format Version 12.00
# Visual Studio Version 17
VisualStudioVersion = 17.6.33815.320
MinimumVisualStudioVersion = 10.0.40219.1
Project("{FAE04EC0-301F-11D3-BF4B-00C04F79EFBC}") = "TodoList", "TodoList\TodoList.csproj", "{AEAD8D01-B095-40AA-81AF-04C762170285}"
EndProject
Project("{FAE04EC0-301F-11D3-BF4B-00C04F79EFBC}") = "TodoListLibrary", "TodoListLibrary\TodoListLibrary.csproj", "{C286D548-5111-4BB4-B8FF-ED762B963075}"
EndProject
Global
	GlobalSection(SolutionConfigurationPlatforms) = preSolution
		Debug|Any CPU = Debug|Any CPU
		Release|Any CPU = Release|Any CPU
	EndGlobalSection
	GlobalSection(ProjectConfigurationPlatforms) = postSolution
		{AEAD8D01-B095-40AA-81AF-04C762170285}.Debug|Any CPU.ActiveCfg = Debug|Any CPU
		{AEAD8D01-B095-40AA-81AF-04C762170285}.Debug|Any CPU.Build.0 = Debug|Any CPU
		{AEAD8D01-B095-40AA-81AF-04C762170285}.Release|Any CPU.ActiveCfg = Release|Any CPU
		{AEAD8D01-B095-40AA-81AF-04C762170285}.Release|Any CPU.Build.0 = Release|Any CPU
		{C286D548-5111-4BB4-B8FF-ED762B963075}.Debug|Any CPU.ActiveCfg = Debug|Any CPU
		{C286D548-5111-4BB4-B8FF-ED762B963075}.Debug|Any CPU.Build.0 = Debug|Any CPU
		{C286D548-5111-4BB4-B8FF-ED762B963075}.Release|Any CPU.ActiveCfg = Release|Any CPU
		{C286D548-5111-4BB4-B8FF-ED762B963075}.Release|Any CPU.Build.0 = Release|Any CPU
	EndGlobalSection
	GlobalSection(SolutionProperties) = preSolution
		HideSolutionNode = FALSE
	EndGlobalSection
	GlobalSection(ExtensibilityGlobals) = postSolution
		SolutionGuid = {1994F14E-86DA-4614-B3A2-C97353291030}
	EndGlobalSection
EndGlobal
